{
  "name": "liquidacao-boletos-banco-brasil",
  "lockfileVersion": 3,
  "requires": true,
  "packages": {
    "": {
      "devDependencies": {
        "@hitc/netsuite-types": "^2023.2.1"
      }
    },
    "node_modules/@hitc/netsuite-types": {
      "version": "2023.2.4",
      "resolved": "https://registry.npmjs.org/@hitc/netsuite-types/-/netsuite-types-2023.2.4.tgz",
      "integrity": "sha512-vYc6AQmPgf3GxT0g5sWzOP2wsfrJeocDTB2J13oxIxeEzOSAjVNAbWzsGHy0nsVZf6+zSZNAHWIMiINh6ix4Rg==",
      "dev": true
    }
  }
}
